
Microsoft Visual Studio Solution File, Format Version 12.00
# Visual Studio Version 16
VisualStudioVersion = 16.0.31911.196
MinimumVisualStudioVersion = 10.0.40219.1
Project("{FAE04EC0-301F-11D3-BF4B-00C04F79EFBC}") = "Lopushok", "Lopushok.csproj", "{9182030A-C76D-471C-8DE2-022E68630E66}"
EndProject
Project("{2150E333-8FDC-42A3-9474-1A3956D46DE8}") = "Solution Items", "Solution Items", "{CE9BB2FA-CB67-4F61-912E-7C1B99B7A322}"
	ProjectSection(SolutionItems) = preProject
		.editorconfig = .editorconfig
	EndProjectSection
EndProject
Global
	GlobalSection(SolutionConfigurationPlatforms) = preSolution
		Debug|Any CPU = Debug|Any CPU
		Release|Any CPU = Release|Any CPU
	EndGlobalSection
	GlobalSection(ProjectConfigurationPlatforms) = postSolution
		{9182030A-C76D-471C-8DE2-022E68630E66}.Debug|Any CPU.ActiveCfg = Debug|Any CPU
		{9182030A-C76D-471C-8DE2-022E68630E66}.Debug|Any CPU.Build.0 = Debug|Any CPU
		{9182030A-C76D-471C-8DE2-022E68630E66}.Release|Any CPU.ActiveCfg = Release|Any CPU
		{9182030A-C76D-471C-8DE2-022E68630E66}.Release|Any CPU.Build.0 = Release|Any CPU
	EndGlobalSection
	GlobalSection(SolutionProperties) = preSolution
		HideSolutionNode = FALSE
	EndGlobalSection
	GlobalSection(ExtensibilityGlobals) = postSolution
		SolutionGuid = {95F61D42-4383-4C9D-8267-37D0512E6A2D}
	EndGlobalSection
EndGlobal
